
Microsoft Visual Studio Solution File, Format Version 12.00
# Visual Studio 15
VisualStudioVersion = 15.0.28307.438
MinimumVisualStudioVersion = 10.0.40219.1
Project("{9A19103F-16F7-4668-BE54-9A1E7A4F7556}") = "ImTools", "src\ImTools\ImTools.csproj", "{6B4B1E6B-6C7B-4FE4-8620-D4ABEE67C592}"
EndProject
Project("{2150E333-8FDC-42A3-9474-1A3956D46DE8}") = "src", "src", "{A6F5B847-FF68-4EA1-98D4-B7517296AC16}"
	ProjectSection(SolutionItems) = preProject
		src\Directory.Build.props = src\Directory.Build.props
	EndProjectSection
EndProject
Project("{2150E333-8FDC-42A3-9474-1A3956D46DE8}") = "test", "test", "{F779D683-7F9C-4B65-95C5-ED8E75642362}"
	ProjectSection(SolutionItems) = preProject
		test\Directory.Build.props = test\Directory.Build.props
	EndProjectSection
EndProject
Project("{2150E333-8FDC-42A3-9474-1A3956D46DE8}") = "playground", "playground", "{D109DF34-CB08-42E5-8F8F-CD2D4D4A8DB3}"
	ProjectSection(SolutionItems) = preProject
		playground\Directory.Build.props = playground\Directory.Build.props
	EndProjectSection
EndProject
Project("{2150E333-8FDC-42A3-9474-1A3956D46DE8}") = "Solution Items", "Solution Items", "{F6D087C9-3B9A-413A-86DD-14BD1F6BF013}"
	ProjectSection(SolutionItems) = preProject
		.editorconfig = .editorconfig
		build.bat = build.bat
		Directory.Build.props = Directory.Build.props
		README.md = README.md
	EndProjectSection
EndProject
Project("{9A19103F-16F7-4668-BE54-9A1E7A4F7556}") = "ImTools.UnitTests", "test\ImTools.UnitTests\ImTools.UnitTests.csproj", "{D95E6E09-2052-4F08-A4D4-C73244720920}"
EndProject
Project("{9A19103F-16F7-4668-BE54-9A1E7A4F7556}") = "ImTools.Benchmarks", "playground\ImTools.Benchmarks\ImTools.Benchmarks.csproj", "{113D7A58-BA48-4C82-9E3C-0862BE1186A5}"
EndProject
Project("{2150E333-8FDC-42A3-9474-1A3956D46DE8}") = "BuildScripts", "BuildScripts", "{CD913EEB-7AF4-47E3-8B7C-02235E5DCDE4}"
	ProjectSection(SolutionItems) = preProject
		BuildScripts\NuGetPack.bat = BuildScripts\NuGetPack.bat
		BuildScripts\NuGetPublish.bat = BuildScripts\NuGetPublish.bat
	EndProjectSection
EndProject
Project("{2150E333-8FDC-42A3-9474-1A3956D46DE8}") = "nuspecs", "nuspecs", "{29BC7B76-D817-425F-98F1-A92454D23857}"
	ProjectSection(SolutionItems) = preProject
		nuspecs\ImTools.nuspec = nuspecs\ImTools.nuspec
	EndProjectSection
EndProject
Project("{FAE04EC0-301F-11D3-BF4B-00C04F79EFBC}") = "ImTools.UnionPlayground", "playground\ImTools.UnionPlayground\ImTools.UnionPlayground.csproj", "{EFBD055A-3C8A-45C7-8718-D9C53A66521D}"
EndProject
Global
	GlobalSection(SolutionConfigurationPlatforms) = preSolution
		Debug|Any CPU = Debug|Any CPU
		Release|Any CPU = Release|Any CPU
	EndGlobalSection
	GlobalSection(ProjectConfigurationPlatforms) = postSolution
		{6B4B1E6B-6C7B-4FE4-8620-D4ABEE67C592}.Debug|Any CPU.ActiveCfg = Debug|Any CPU
		{6B4B1E6B-6C7B-4FE4-8620-D4ABEE67C592}.Debug|Any CPU.Build.0 = Debug|Any CPU
		{6B4B1E6B-6C7B-4FE4-8620-D4ABEE67C592}.Release|Any CPU.ActiveCfg = Release|Any CPU
		{6B4B1E6B-6C7B-4FE4-8620-D4ABEE67C592}.Release|Any CPU.Build.0 = Release|Any CPU
		{D95E6E09-2052-4F08-A4D4-C73244720920}.Debug|Any CPU.ActiveCfg = Debug|Any CPU
		{D95E6E09-2052-4F08-A4D4-C73244720920}.Debug|Any CPU.Build.0 = Debug|Any CPU
		{D95E6E09-2052-4F08-A4D4-C73244720920}.Release|Any CPU.ActiveCfg = Release|Any CPU
		{D95E6E09-2052-4F08-A4D4-C73244720920}.Release|Any CPU.Build.0 = Release|Any CPU
		{113D7A58-BA48-4C82-9E3C-0862BE1186A5}.Debug|Any CPU.ActiveCfg = Debug|Any CPU
		{113D7A58-BA48-4C82-9E3C-0862BE1186A5}.Debug|Any CPU.Build.0 = Debug|Any CPU
		{113D7A58-BA48-4C82-9E3C-0862BE1186A5}.Release|Any CPU.ActiveCfg = Release|Any CPU
		{113D7A58-BA48-4C82-9E3C-0862BE1186A5}.Release|Any CPU.Build.0 = Release|Any CPU
		{EFBD055A-3C8A-45C7-8718-D9C53A66521D}.Debug|Any CPU.ActiveCfg = Debug|Any CPU
		{EFBD055A-3C8A-45C7-8718-D9C53A66521D}.Debug|Any CPU.Build.0 = Debug|Any CPU
		{EFBD055A-3C8A-45C7-8718-D9C53A66521D}.Release|Any CPU.ActiveCfg = Release|Any CPU
		{EFBD055A-3C8A-45C7-8718-D9C53A66521D}.Release|Any CPU.Build.0 = Release|Any CPU
	EndGlobalSection
	GlobalSection(SolutionProperties) = preSolution
		HideSolutionNode = FALSE
	EndGlobalSection
	GlobalSection(NestedProjects) = preSolution
		{6B4B1E6B-6C7B-4FE4-8620-D4ABEE67C592} = {A6F5B847-FF68-4EA1-98D4-B7517296AC16}
		{D95E6E09-2052-4F08-A4D4-C73244720920} = {F779D683-7F9C-4B65-95C5-ED8E75642362}
		{113D7A58-BA48-4C82-9E3C-0862BE1186A5} = {D109DF34-CB08-42E5-8F8F-CD2D4D4A8DB3}
		{EFBD055A-3C8A-45C7-8718-D9C53A66521D} = {D109DF34-CB08-42E5-8F8F-CD2D4D4A8DB3}
	EndGlobalSection
	GlobalSection(ExtensibilityGlobals) = postSolution
		SolutionGuid = {B8B8E41A-6F08-46C3-828D-C74B91428793}
	EndGlobalSection
EndGlobal
