
Microsoft Visual Studio Solution File, Format Version 12.00
# Visual Studio 14
VisualStudioVersion = 14.0.25420.1
MinimumVisualStudioVersion = 10.0.40219.1
Project("{FAE04EC0-301F-11D3-BF4B-00C04F79EFBC}") = "ImTools", "ImTools\ImTools.csproj", "{48263EEE-3453-4B5C-8630-BBA26B4A4FB3}"
EndProject
Project("{FAE04EC0-301F-11D3-BF4B-00C04F79EFBC}") = "ImTools.UnitTests", "ImTools.UnitTests\ImTools.UnitTests.csproj", "{34918C54-B523-4C10-8CE6-625328B0AF10}"
EndProject
Project("{2150E333-8FDC-42A3-9474-1A3956D46DE8}") = "BuildScripts", "BuildScripts", "{DA968653-1C3F-4E6D-92ED-16F975F6969C}"
	ProjectSection(SolutionItems) = preProject
		..\BuildScripts\_main.bat = ..\BuildScripts\_main.bat
		..\BuildScripts\Build.bat = ..\BuildScripts\Build.bat
		..\BuildScripts\Clean.bat = ..\BuildScripts\Clean.bat
		..\BuildScripts\NuGetPack.bat = ..\BuildScripts\NuGetPack.bat
		..\BuildScripts\NuGetPublish.bat = ..\BuildScripts\NuGetPublish.bat
		..\BuildScripts\RunTestsWithCoverage.bat = ..\BuildScripts\RunTestsWithCoverage.bat
	EndProjectSection
EndProject
Project("{2150E333-8FDC-42A3-9474-1A3956D46DE8}") = "NuGet", "NuGet", "{477C4C23-690F-4C11-8C06-5D4EC7B794A7}"
	ProjectSection(SolutionItems) = preProject
		..\NuGet\ImTools.dll.nuspec = ..\NuGet\ImTools.dll.nuspec
		..\NuGet\ImTools.nuspec = ..\NuGet\ImTools.nuspec
	EndProjectSection
EndProject
Project("{2150E333-8FDC-42A3-9474-1A3956D46DE8}") = "Solution Items", "Solution Items", "{DE2C81AF-1CDE-4682-8510-0ECD1105A265}"
	ProjectSection(SolutionItems) = preProject
		..\build.bat = ..\build.bat
		..\README.md = ..\README.md
	EndProjectSection
EndProject
Project("{FAE04EC0-301F-11D3-BF4B-00C04F79EFBC}") = "ImTools.Pcl259", "ImTools.Pcl259\ImTools.Pcl259.csproj", "{B3C0562F-DF0D-4BA1-859E-02B22CB66488}"
EndProject
Project("{FAE04EC0-301F-11D3-BF4B-00C04F79EFBC}") = "Playground", "Playground\Playground.csproj", "{35ECF83A-DE9E-4897-981B-D0B81189935E}"
EndProject
Global
	GlobalSection(SolutionConfigurationPlatforms) = preSolution
		Debug|Any CPU = Debug|Any CPU
		Release|Any CPU = Release|Any CPU
	EndGlobalSection
	GlobalSection(ProjectConfigurationPlatforms) = postSolution
		{48263EEE-3453-4B5C-8630-BBA26B4A4FB3}.Debug|Any CPU.ActiveCfg = Debug|Any CPU
		{48263EEE-3453-4B5C-8630-BBA26B4A4FB3}.Debug|Any CPU.Build.0 = Debug|Any CPU
		{48263EEE-3453-4B5C-8630-BBA26B4A4FB3}.Release|Any CPU.ActiveCfg = Release|Any CPU
		{48263EEE-3453-4B5C-8630-BBA26B4A4FB3}.Release|Any CPU.Build.0 = Release|Any CPU
		{34918C54-B523-4C10-8CE6-625328B0AF10}.Debug|Any CPU.ActiveCfg = Debug|Any CPU
		{34918C54-B523-4C10-8CE6-625328B0AF10}.Debug|Any CPU.Build.0 = Debug|Any CPU
		{34918C54-B523-4C10-8CE6-625328B0AF10}.Release|Any CPU.ActiveCfg = Release|Any CPU
		{34918C54-B523-4C10-8CE6-625328B0AF10}.Release|Any CPU.Build.0 = Release|Any CPU
		{B3C0562F-DF0D-4BA1-859E-02B22CB66488}.Debug|Any CPU.ActiveCfg = Debug|Any CPU
		{B3C0562F-DF0D-4BA1-859E-02B22CB66488}.Debug|Any CPU.Build.0 = Debug|Any CPU
		{B3C0562F-DF0D-4BA1-859E-02B22CB66488}.Release|Any CPU.ActiveCfg = Release|Any CPU
		{B3C0562F-DF0D-4BA1-859E-02B22CB66488}.Release|Any CPU.Build.0 = Release|Any CPU
		{35ECF83A-DE9E-4897-981B-D0B81189935E}.Debug|Any CPU.ActiveCfg = Debug|Any CPU
		{35ECF83A-DE9E-4897-981B-D0B81189935E}.Debug|Any CPU.Build.0 = Debug|Any CPU
		{35ECF83A-DE9E-4897-981B-D0B81189935E}.Release|Any CPU.ActiveCfg = Release|Any CPU
		{35ECF83A-DE9E-4897-981B-D0B81189935E}.Release|Any CPU.Build.0 = Release|Any CPU
	EndGlobalSection
	GlobalSection(SolutionProperties) = preSolution
		HideSolutionNode = FALSE
	EndGlobalSection
EndGlobal
